
Microsoft Visual Studio Solution File, Format Version 12.00
# Visual Studio 2012
Project("{FAE04EC0-301F-11D3-BF4B-00C04F79EFBC}") = "PS4 Console Manager", "PS4 Console Manager\PS4 Console Manager.csproj", "{F6A2E2E5-1ED2-48F1-ACB7-1E295FD1EC01}"
EndProject
Global
	GlobalSection(SolutionConfigurationPlatforms) = preSolution
		Debug|Any CPU = Debug|Any CPU
		Release|Any CPU = Release|Any CPU
	EndGlobalSection
	GlobalSection(ProjectConfigurationPlatforms) = postSolution
		{F6A2E2E5-1ED2-48F1-ACB7-1E295FD1EC01}.Debug|Any CPU.ActiveCfg = Debug|Any CPU
		{F6A2E2E5-1ED2-48F1-ACB7-1E295FD1EC01}.Debug|Any CPU.Build.0 = Debug|Any CPU
		{F6A2E2E5-1ED2-48F1-ACB7-1E295FD1EC01}.Release|Any CPU.ActiveCfg = Release|Any CPU
		{F6A2E2E5-1ED2-48F1-ACB7-1E295FD1EC01}.Release|Any CPU.Build.0 = Release|Any CPU
	EndGlobalSection
	GlobalSection(SolutionProperties) = preSolution
		HideSolutionNode = FALSE
	EndGlobalSection
EndGlobal
